
Microsoft Visual Studio Solution File, Format Version 12.00
# Visual Studio Version 16
VisualStudioVersion = 16.0.30517.126
MinimumVisualStudioVersion = 10.0.40219.1
Project("{FAE04EC0-301F-11D3-BF4B-00C04F79EFBC}") = "HTTP5101_A2_Jalal", "HTTP5101_A2_Jalal\HTTP5101_A2_Jalal.csproj", "{24C9402F-CEAC-4646-B2CA-7207D391A86F}"
EndProject
Global
	GlobalSection(SolutionConfigurationPlatforms) = preSolution
		Debug|Any CPU = Debug|Any CPU
		Release|Any CPU = Release|Any CPU
	EndGlobalSection
	GlobalSection(ProjectConfigurationPlatforms) = postSolution
		{24C9402F-CEAC-4646-B2CA-7207D391A86F}.Debug|Any CPU.ActiveCfg = Debug|Any CPU
		{24C9402F-CEAC-4646-B2CA-7207D391A86F}.Debug|Any CPU.Build.0 = Debug|Any CPU
		{24C9402F-CEAC-4646-B2CA-7207D391A86F}.Release|Any CPU.ActiveCfg = Release|Any CPU
		{24C9402F-CEAC-4646-B2CA-7207D391A86F}.Release|Any CPU.Build.0 = Release|Any CPU
	EndGlobalSection
	GlobalSection(SolutionProperties) = preSolution
		HideSolutionNode = FALSE
	EndGlobalSection
	GlobalSection(ExtensibilityGlobals) = postSolution
		SolutionGuid = {DDFBB447-90AF-41FE-B67A-31EF7C215078}
	EndGlobalSection
EndGlobal
